<?xml version="1.0" encoding="utf-8"?>
<Project ToolsVersion="4.0" xmlns="http://schemas.microsoft.com/developer/msbuild/2003">
  <ItemGroup>
    <Filter Include="Source Files">
      <UniqueIdentifier>{4FC737F1-C7A5-4376-A066-2A32D752A2FF}</UniqueIdentifier>
      <Extensions>cpp;c;cc;cxx;c++;cppm;ixx;def;odl;idl;hpj;bat;asm;asmx</Extensions>
    </Filter>
    <Filter Include="Header Files">
      <UniqueIdentifier>{93995380-89BD-4b04-88EB-625FBE52EBFB}</UniqueIdentifier>
      <Extensions>h;hh;hpp;hxx;h++;hm;inl;inc;ipp;xsd</Extensions>
    </Filter>
    <Filter Include="Resource Files">
      <UniqueIdentifier>{67DA6AB6-F800-4c08-8B7A-83BB121AAD01}</UniqueIdentifier>
      <Extensions>rc;ico;cur;bmp;dlg;rc2;rct;bin;rgs;gif;jpg;jpeg;jpe;resx;tiff;tif;png;wav;mfcribbon-ms</Extensions>
    </Filter>
  </ItemGroup>
  <ItemGroup>
    <ClCompile Include="window.cpp">
      <Filter>Source Files</Filter>
    </ClCompile>
    <ClCompile Include="buildingText.cpp">
      <Filter>Source Files</Filter>
    </ClCompile>
    <ClCompile Include="popUp.cpp">
      <Filter>Source Files</Filter>
    </ClCompile>
    <ClCompile Include="Buildings.cpp">
      <Filter>Source Files</Filter>
    </ClCompile>
    <ClCompile Include="CampusFeatures.cpp">
      <Filter>Source Files</Filter>
    </ClCompile>
    <ClCompile Include="CampusResources.cpp">
      <Filter>Source Files</Filter>
    </ClCompile>
    <ClCompile Include="Date.cpp">
      <Filter>Source Files</Filter>
    </ClCompile>
    <ClCompile Include="Events.cpp">
      <Filter>Source Files</Filter>
    </ClCompile>
    <ClCompile Include="Exceptions.cpp">
      <Filter>Source Files</Filter>
    </ClCompile>
    <ClCompile Include="FAQ.cpp">
      <Filter>Source Files</Filter>
    </ClCompile>
    <ClCompile Include="MapObjects.cpp">
      <Filter>Source Files</Filter>
    </ClCompile>
    <ClCompile Include="loadIn.cpp">
      <Filter>Source Files</Filter>
    </ClCompile>
  </ItemGroup>
  <ItemGroup>
    <ClInclude Include="window.h">
      <Filter>Header Files</Filter>
    </ClInclude>
    <ClInclude Include="HelperGUI.h">
      <Filter>Header Files</Filter>
    </ClInclude>
    <ClInclude Include="popUp.h">
      <Filter>Header Files</Filter>
    </ClInclude>
    <ClInclude Include="buildingText.h">
      <Filter>Header Files</Filter>
    </ClInclude>
    <ClInclude Include="Buildings.h">
      <Filter>Header Files</Filter>
    </ClInclude>
    <ClInclude Include="CampusFeatures.hpp">
      <Filter>Header Files</Filter>
    </ClInclude>
    <ClInclude Include="CampusResources.hpp">
      <Filter>Header Files</Filter>
    </ClInclude>
    <ClInclude Include="Exceptions.h">
      <Filter>Header Files</Filter>
    </ClInclude>
    <ClInclude Include="FAQ.h">
      <Filter>Header Files</Filter>
    </ClInclude>
    <ClInclude Include="MapObjects.h">
      <Filter>Header Files</Filter>
    </ClInclude>
    <ClInclude Include="Date.h">
      <Filter>Header Files</Filter>
    </ClInclude>
    <ClInclude Include="Events.hpp">
      <Filter>Header Files</Filter>
    </ClInclude>
    <ClInclude Include="loadin.h">
      <Filter>Header Files</Filter>
    </ClInclude>
  </ItemGroup>
  <ItemGroup>
    <None Include="bikeRacks.csv">
      <Filter>Resource Files</Filter>
    </None>
    <None Include="busStops.csv">
      <Filter>Resource Files</Filter>
    </None>
    <None Include="chargingStations.csv">
      <Filter>Resource Files</Filter>
    </None>
    <None Include="FAQ.csv">
      <Filter>Resource Files</Filter>
    </None>
    <None Include="foodLocations.csv">
      <Filter>Resource Files</Filter>
    </None>
    <None Include="lectureHalls.csv">
      <Filter>Resource Files</Filter>
    </None>
    <None Include="libraries.csv">
      <Filter>Resource Files</Filter>
    </None>
    <None Include="residences.csv">
      <Filter>Resource Files</Filter>
    </None>
    <None Include="sportCentres.csv">
      <Filter>Resource Files</Filter>
    </None>
  </ItemGroup>
</Project>